
Microsoft Visual Studio Solution File, Format Version 12.00
# Visual Studio Version 17
VisualStudioVersion = 17.2.32630.192
MinimumVisualStudioVersion = 10.0.40219.1
Project("{8BC9CEB8-8B4A-11D0-8D11-00A0C91BC942}") = "calculator", "calculator.vcxproj", "{EAB416B0-802C-44DD-AC8E-5938CC144117}"
EndProject
Project("{8BC9CEB8-8B4A-11D0-8D11-00A0C91BC942}") = "Sin", "..\Sin\Sin\Sin.vcxproj", "{29F7D1CD-92A0-40DF-B9C0-2291DA4A7F61}"
EndProject
Project("{8BC9CEB8-8B4A-11D0-8D11-00A0C91BC942}") = "Cos", "..\Cos\Cos\Cos.vcxproj", "{2405DF02-1747-422D-ACF9-44EC042DF399}"
EndProject
Project("{8BC9CEB8-8B4A-11D0-8D11-00A0C91BC942}") = "Ln", "..\Ln\Ln\Ln.vcxproj", "{66102A2F-4111-4E50-B25A-A8DD89794FD0}"
EndProject
Project("{8BC9CEB8-8B4A-11D0-8D11-00A0C91BC942}") = "Log2", "..\Log2\Log2\Log2.vcxproj", "{BFE461A6-8640-4A3E-B88A-13CC5A41A775}"
EndProject
Global
	GlobalSection(SolutionConfigurationPlatforms) = preSolution
		Debug|x64 = Debug|x64
		Debug|x86 = Debug|x86
		Release|x64 = Release|x64
		Release|x86 = Release|x86
	EndGlobalSection
	GlobalSection(ProjectConfigurationPlatforms) = postSolution
		{EAB416B0-802C-44DD-AC8E-5938CC144117}.Debug|x64.ActiveCfg = Debug|x64
		{EAB416B0-802C-44DD-AC8E-5938CC144117}.Debug|x64.Build.0 = Debug|x64
		{EAB416B0-802C-44DD-AC8E-5938CC144117}.Debug|x86.ActiveCfg = Debug|Win32
		{EAB416B0-802C-44DD-AC8E-5938CC144117}.Debug|x86.Build.0 = Debug|Win32
		{EAB416B0-802C-44DD-AC8E-5938CC144117}.Release|x64.ActiveCfg = Release|x64
		{EAB416B0-802C-44DD-AC8E-5938CC144117}.Release|x64.Build.0 = Release|x64
		{EAB416B0-802C-44DD-AC8E-5938CC144117}.Release|x86.ActiveCfg = Release|Win32
		{EAB416B0-802C-44DD-AC8E-5938CC144117}.Release|x86.Build.0 = Release|Win32
		{29F7D1CD-92A0-40DF-B9C0-2291DA4A7F61}.Debug|x64.ActiveCfg = Debug|x64
		{29F7D1CD-92A0-40DF-B9C0-2291DA4A7F61}.Debug|x64.Build.0 = Debug|x64
		{29F7D1CD-92A0-40DF-B9C0-2291DA4A7F61}.Debug|x86.ActiveCfg = Debug|Win32
		{29F7D1CD-92A0-40DF-B9C0-2291DA4A7F61}.Debug|x86.Build.0 = Debug|Win32
		{29F7D1CD-92A0-40DF-B9C0-2291DA4A7F61}.Release|x64.ActiveCfg = Release|x64
		{29F7D1CD-92A0-40DF-B9C0-2291DA4A7F61}.Release|x64.Build.0 = Release|x64
		{29F7D1CD-92A0-40DF-B9C0-2291DA4A7F61}.Release|x86.ActiveCfg = Release|Win32
		{29F7D1CD-92A0-40DF-B9C0-2291DA4A7F61}.Release|x86.Build.0 = Release|Win32
		{2405DF02-1747-422D-ACF9-44EC042DF399}.Debug|x64.ActiveCfg = Debug|x64
		{2405DF02-1747-422D-ACF9-44EC042DF399}.Debug|x64.Build.0 = Debug|x64
		{2405DF02-1747-422D-ACF9-44EC042DF399}.Debug|x86.ActiveCfg = Debug|Win32
		{2405DF02-1747-422D-ACF9-44EC042DF399}.Debug|x86.Build.0 = Debug|Win32
		{2405DF02-1747-422D-ACF9-44EC042DF399}.Release|x64.ActiveCfg = Release|x64
		{2405DF02-1747-422D-ACF9-44EC042DF399}.Release|x64.Build.0 = Release|x64
		{2405DF02-1747-422D-ACF9-44EC042DF399}.Release|x86.ActiveCfg = Release|Win32
		{2405DF02-1747-422D-ACF9-44EC042DF399}.Release|x86.Build.0 = Release|Win32
		{66102A2F-4111-4E50-B25A-A8DD89794FD0}.Debug|x64.ActiveCfg = Debug|x64
		{66102A2F-4111-4E50-B25A-A8DD89794FD0}.Debug|x64.Build.0 = Debug|x64
		{66102A2F-4111-4E50-B25A-A8DD89794FD0}.Debug|x86.ActiveCfg = Debug|Win32
		{66102A2F-4111-4E50-B25A-A8DD89794FD0}.Debug|x86.Build.0 = Debug|Win32
		{66102A2F-4111-4E50-B25A-A8DD89794FD0}.Release|x64.ActiveCfg = Release|x64
		{66102A2F-4111-4E50-B25A-A8DD89794FD0}.Release|x64.Build.0 = Release|x64
		{66102A2F-4111-4E50-B25A-A8DD89794FD0}.Release|x86.ActiveCfg = Release|Win32
		{66102A2F-4111-4E50-B25A-A8DD89794FD0}.Release|x86.Build.0 = Release|Win32
		{BFE461A6-8640-4A3E-B88A-13CC5A41A775}.Debug|x64.ActiveCfg = Debug|x64
		{BFE461A6-8640-4A3E-B88A-13CC5A41A775}.Debug|x64.Build.0 = Debug|x64
		{BFE461A6-8640-4A3E-B88A-13CC5A41A775}.Debug|x86.ActiveCfg = Debug|Win32
		{BFE461A6-8640-4A3E-B88A-13CC5A41A775}.Debug|x86.Build.0 = Debug|Win32
		{BFE461A6-8640-4A3E-B88A-13CC5A41A775}.Release|x64.ActiveCfg = Release|x64
		{BFE461A6-8640-4A3E-B88A-13CC5A41A775}.Release|x64.Build.0 = Release|x64
		{BFE461A6-8640-4A3E-B88A-13CC5A41A775}.Release|x86.ActiveCfg = Release|Win32
		{BFE461A6-8640-4A3E-B88A-13CC5A41A775}.Release|x86.Build.0 = Release|Win32
	EndGlobalSection
	GlobalSection(SolutionProperties) = preSolution
		HideSolutionNode = FALSE
	EndGlobalSection
	GlobalSection(ExtensibilityGlobals) = postSolution
		SolutionGuid = {77C3B361-0F7A-4631-924C-1FEC2CBDF6FC}
	EndGlobalSection
EndGlobal
